// !$*UTF8*$!
{
	archiveVersion = 1;
	classes = {
	};
	objectVersion = 46;
	objects = {

/* Begin PBXBuildFile section */
		82ECE9071C1E3F6E0010F8FC /* PizzaSizeViewController.swift in Sources */ = {isa = PBXBuildFile; fileRef = 82ECE9061C1E3F6E0010F8FC /* PizzaSizeViewController.swift */; };
		82ECE9091C1E40BD0010F8FC /* MainViewController.swift in Sources */ = {isa = PBXBuildFile; fileRef = 82ECE9081C1E40BD0010F8FC /* MainViewController.swift */; };
		82ECE90B1C1E411C0010F8FC /* Pedido.swift in Sources */ = {isa = PBXBuildFile; fileRef = 82ECE90A1C1E411C0010F8FC /* Pedido.swift */; };
		82ECE90D1C1E42090010F8FC /* MasaViewController.swift in Sources */ = {isa = PBXBuildFile; fileRef = 82ECE90C1C1E42090010F8FC /* MasaViewController.swift */; };
		82ECE90F1C1E42360010F8FC /* QuesoViewController.swift in Sources */ = {isa = PBXBuildFile; fileRef = 82ECE90E1C1E42360010F8FC /* QuesoViewController.swift */; };
		82ECE9111C1E424B0010F8FC /* IngredientesViewController.swift in Sources */ = {isa = PBXBuildFile; fileRef = 82ECE9101C1E424B0010F8FC /* IngredientesViewController.swift */; };
		82ECE9131C1E42660010F8FC /* ConfirmacionViewController.swift in Sources */ = {isa = PBXBuildFile; fileRef = 82ECE9121C1E42660010F8FC /* ConfirmacionViewController.swift */; };
		82F836AC1C1A1BC500793949 /* AppDelegate.swift in Sources */ = {isa = PBXBuildFile; fileRef = 82F836AB1C1A1BC500793949 /* AppDelegate.swift */; };
		82F836AE1C1A1BC500793949 /* ViewController.swift in Sources */ = {isa = PBXBuildFile; fileRef = 82F836AD1C1A1BC500793949 /* ViewController.swift */; };
		82F836B11C1A1BC500793949 /* Main.storyboard in Resources */ = {isa = PBXBuildFile; fileRef = 82F836AF1C1A1BC500793949 /* Main.storyboard */; };
		82F836B31C1A1BC500793949 /* Assets.xcassets in Resources */ = {isa = PBXBuildFile; fileRef = 82F836B21C1A1BC500793949 /* Assets.xcassets */; };
		82F836B61C1A1BC500793949 /* LaunchScreen.storyboard in Resources */ = {isa = PBXBuildFile; fileRef = 82F836B41C1A1BC500793949 /* LaunchScreen.storyboard */; };
/* End PBXBuildFile section */

/* Begin PBXFileReference section */
		82ECE9061C1E3F6E0010F8FC /* PizzaSizeViewController.swift */ = {isa = PBXFileReference; fileEncoding = 4; lastKnownFileType = sourcecode.swift; path = PizzaSizeViewController.swift; sourceTree = "<group>"; };
		82ECE9081C1E40BD0010F8FC /* MainViewController.swift */ = {isa = PBXFileReference; fileEncoding = 4; lastKnownFileType = sourcecode.swift; path = MainViewController.swift; sourceTree = "<group>"; };
		82ECE90A1C1E411C0010F8FC /* Pedido.swift */ = {isa = PBXFileReference; fileEncoding = 4; lastKnownFileType = sourcecode.swift; path = Pedido.swift; sourceTree = "<group>"; };
		82ECE90C1C1E42090010F8FC /* MasaViewController.swift */ = {isa = PBXFileReference; fileEncoding = 4; lastKnownFileType = sourcecode.swift; path = MasaViewController.swift; sourceTree = "<group>"; };
		82ECE90E1C1E42360010F8FC /* QuesoViewController.swift */ = {isa = PBXFileReference; fileEncoding = 4; lastKnownFileType = sourcecode.swift; path = QuesoViewController.swift; sourceTree = "<group>"; };
		82ECE9101C1E424B0010F8FC /* IngredientesViewController.swift */ = {isa = PBXFileReference; fileEncoding = 4; lastKnownFileType = sourcecode.swift; path = IngredientesViewController.swift; sourceTree = "<group>"; };
		82ECE9121C1E42660010F8FC /* ConfirmacionViewController.swift */ = {isa = PBXFileReference; fileEncoding = 4; lastKnownFileType = sourcecode.swift; path = ConfirmacionViewController.swift; sourceTree = "<group>"; };
		82F836A81C1A1BC500793949 /* Pizzeria.app */ = {isa = PBXFileReference; explicitFileType = wrapper.application; includeInIndex = 0; path = Pizzeria.app; sourceTree = BUILT_PRODUCTS_DIR; };
		82F836AB1C1A1BC500793949 /* AppDelegate.swift */ = {isa = PBXFileReference; lastKnownFileType = sourcecode.swift; path = AppDelegate.swift; sourceTree = "<group>"; };
		82F836AD1C1A1BC500793949 /* ViewController.swift */ = {isa = PBXFileReference; lastKnownFileType = sourcecode.swift; path = ViewController.swift; sourceTree = "<group>"; };
		82F836B01C1A1BC500793949 /* Base */ = {isa = PBXFileReference; lastKnownFileType = file.storyboard; name = Base; path = Base.lproj/Main.storyboard; sourceTree = "<group>"; };
		82F836B21C1A1BC500793949 /* Assets.xcassets */ = {isa = PBXFileReference; lastKnownFileType = folder.assetcatalog; path = Assets.xcassets; sourceTree = "<group>"; };
		82F836B51C1A1BC500793949 /* Base */ = {isa = PBXFileReference; lastKnownFileType = file.storyboard; name = Base; path = Base.lproj/LaunchScreen.storyboard; sourceTree = "<group>"; };
		82F836B71C1A1BC500793949 /* Info.plist */ = {isa = PBXFileReference; lastKnownFileType = text.plist.xml; path = Info.plist; sourceTree = "<group>"; };
/* End PBXFileReference section */

/* Begin PBXFrameworksBuildPhase section */
		82F836A51C1A1BC500793949 /* Frameworks */ = {
			isa = PBXFrameworksBuildPhase;
			buildActionMask = 2147483647;
			files = (
			);
			runOnlyForDeploymentPostprocessing = 0;
		};
/* End PBXFrameworksBuildPhase section */

/* Begin PBXGroup section */
		82F8369F1C1A1BC500793949 = {
			isa = PBXGroup;
			children = (
				82F836AA1C1A1BC500793949 /* Pizzeria */,
				82F836A91C1A1BC500793949 /* Products */,
			);
			sourceTree = "<group>";
		};
		82F836A91C1A1BC500793949 /* Products */ = {
			isa = PBXGroup;
			children = (
				82F836A81C1A1BC500793949 /* Pizzeria.app */,
			);
			name = Products;
			sourceTree = "<group>";
		};
		82F836AA1C1A1BC500793949 /* Pizzeria */ = {
			isa = PBXGroup;
			children = (
				82F836AB1C1A1BC500793949 /* AppDelegate.swift */,
				82F836AD1C1A1BC500793949 /* ViewController.swift */,
				82F836AF1C1A1BC500793949 /* Main.storyboard */,
				82F836B21C1A1BC500793949 /* Assets.xcassets */,
				82F836B41C1A1BC500793949 /* LaunchScreen.storyboard */,
				82F836B71C1A1BC500793949 /* Info.plist */,
				82ECE9061C1E3F6E0010F8FC /* PizzaSizeViewController.swift */,
				82ECE9081C1E40BD0010F8FC /* MainViewController.swift */,
				82ECE90A1C1E411C0010F8FC /* Pedido.swift */,
				82ECE90C1C1E42090010F8FC /* MasaViewController.swift */,
				82ECE90E1C1E42360010F8FC /* QuesoViewController.swift */,
				82ECE9101C1E424B0010F8FC /* IngredientesViewController.swift */,
				82ECE9121C1E42660010F8FC /* ConfirmacionViewController.swift */,
			);
			path = Pizzeria;
			sourceTree = "<group>";
		};
/* End PBXGroup section */

/* Begin PBXNativeTarget section */
		82F836A71C1A1BC500793949 /* Pizzeria */ = {
			isa = PBXNativeTarget;
			buildConfigurationList = 82F836BA1C1A1BC500793949 /* Build configuration list for PBXNativeTarget "Pizzeria" */;
			buildPhases = (
				82F836A41C1A1BC500793949 /* Sources */,
				82F836A51C1A1BC500793949 /* Frameworks */,
				82F836A61C1A1BC500793949 /* Resources */,
			);
			buildRules = (
			);
			dependencies = (
			);
			name = Pizzeria;
			productName = Pizzeria;
			productReference = 82F836A81C1A1BC500793949 /* Pizzeria.app */;
			productType = "com.apple.product-type.application";
		};
/* End PBXNativeTarget section */

/* Begin PBXProject section */
		82F836A01C1A1BC500793949 /* Project object */ = {
			isa = PBXProject;
			attributes = {
				LastSwiftUpdateCheck = 0710;
				LastUpgradeCheck = 0710;
				ORGANIZATIONNAME = jromeradev;
				TargetAttributes = {
					82F836A71C1A1BC500793949 = {
						CreatedOnToolsVersion = 7.1.1;
					};
				};
			};
			buildConfigurationList = 82F836A31C1A1BC500793949 /* Build configuration list for PBXProject "Pizzeria" */;
			compatibilityVersion = "Xcode 3.2";
			developmentRegion = English;
			hasScannedForEncodings = 0;
			knownRegions = (
				en,
				Base,
			);
			mainGroup = 82F8369F1C1A1BC500793949;
			productRefGroup = 82F836A91C1A1BC500793949 /* Products */;
			projectDirPath = "";
			projectRoot = "";
			targets = (
				82F836A71C1A1BC500793949 /* Pizzeria */,
			);
		};
/* End PBXProject section */

/* Begin PBXResourcesBuildPhase section */
		82F836A61C1A1BC500793949 /* Resources */ = {
			isa = PBXResourcesBuildPhase;
			buildActionMask = 2147483647;
			files = (
				82F836B61C1A1BC500793949 /* LaunchScreen.storyboard in Resources */,
				82F836B31C1A1BC500793949 /* Assets.xcassets in Resources */,
				82F836B11C1A1BC500793949 /* Main.storyboard in Resources */,
			);
			runOnlyForDeploymentPostprocessing = 0;
		};
/* End PBXResourcesBuildPhase section */

/* Begin PBXSourcesBuildPhase section */
		82F836A41C1A1BC500793949 /* Sources */ = {
			isa = PBXSourcesBuildPhase;
			buildActionMask = 2147483647;
			files = (
				82ECE90D1C1E42090010F8FC /* MasaViewController.swift in Sources */,
				82F836AE1C1A1BC500793949 /* ViewController.swift in Sources */,
				82ECE9131C1E42660010F8FC /* ConfirmacionViewController.swift in Sources */,
				82ECE90F1C1E42360010F8FC /* QuesoViewController.swift in Sources */,
				82F836AC1C1A1BC500793949 /* AppDelegate.swift in Sources */,
				82ECE9071C1E3F6E0010F8FC /* PizzaSizeViewController.swift in Sources */,
				82ECE9091C1E40BD0010F8FC /* MainViewController.swift in Sources */,
				82ECE9111C1E424B0010F8FC /* IngredientesViewController.swift in Sources */,
				82ECE90B1C1E411C0010F8FC /* Pedido.swift in Sources */,
			);
			runOnlyForDeploymentPostprocessing = 0;
		};
/* End PBXSourcesBuildPhase section */

/* Begin PBXVariantGroup section */
		82F836AF1C1A1BC500793949 /* Main.storyboard */ = {
			isa = PBXVariantGroup;
			children = (
				82F836B01C1A1BC500793949 /* Base */,
			);
			name = Main.storyboard;
			sourceTree = "<group>";
		};
		82F836B41C1A1BC500793949 /* LaunchScreen.storyboard */ = {
			isa = PBXVariantGroup;
			children = (
				82F836B51C1A1BC500793949 /* Base */,
			);
			name = LaunchScreen.storyboard;
			sourceTree = "<group>";
		};
/* End PBXVariantGroup section */

/* Begin XCBuildConfiguration section */
		82F836B81C1A1BC500793949 /* Debug */ = {
			isa = XCBuildConfiguration;
			buildSettings = {
				ALWAYS_SEARCH_USER_PATHS = NO;
				CLANG_CXX_LANGUAGE_STANDARD = "gnu++0x";
				CLANG_CXX_LIBRARY = "libc++";
				CLANG_ENABLE_MODULES = YES;
				CLANG_ENABLE_OBJC_ARC = YES;
				CLANG_WARN_BOOL_CONVERSION = YES;
				CLANG_WARN_CONSTANT_CONVERSION = YES;
				CLANG_WARN_DIRECT_OBJC_ISA_USAGE = YES_ERROR;
				CLANG_WARN_EMPTY_BODY = YES;
				CLANG_WARN_ENUM_CONVERSION = YES;
				CLANG_WARN_INT_CONVERSION = YES;
				CLANG_WARN_OBJC_ROOT_CLASS = YES_ERROR;
				CLANG_WARN_UNREACHABLE_CODE = YES;
				CLANG_WARN__DUPLICATE_METHOD_MATCH = YES;
				"CODE_SIGN_IDENTITY[sdk=iphoneos*]" = "iPhone Developer";
				COPY_PHASE_STRIP = NO;
				DEBUG_INFORMATION_FORMAT = dwarf;
				ENABLE_STRICT_OBJC_MSGSEND = YES;
				ENABLE_TESTABILITY = YES;
				GCC_C_LANGUAGE_STANDARD = gnu99;
				GCC_DYNAMIC_NO_PIC = NO;
				GCC_NO_COMMON_BLOCKS = YES;
				GCC_OPTIMIZATION_LEVEL = 0;
				GCC_PREPROCESSOR_DEFINITIONS = (
					"DEBUG=1",
					"$(inherited)",
				);
				GCC_WARN_64_TO_32_BIT_CONVERSION = YES;
				GCC_WARN_ABOUT_RETURN_TYPE = YES_ERROR;
				GCC_WARN_UNDECLARED_SELECTOR = YES;
				GCC_WARN_UNINITIALIZED_AUTOS = YES_AGGRESSIVE;
				GCC_WARN_UNUSED_FUNCTION = YES;
				GCC_WARN_UNUSED_VARIABLE = YES;
				IPHONEOS_DEPLOYMENT_TARGET = 9.1;
				MTL_ENABLE_DEBUG_INFO = YES;
				ONLY_ACTIVE_ARCH = YES;
				SDKROOT = iphoneos;
				SWIFT_OPTIMIZATION_LEVEL = "-Onone";
				TARGETED_DEVICE_FAMILY = "1,2";
			};
			name = Debug;
		};
		82F836B91C1A1BC500793949 /* Release */ = {
			isa = XCBuildConfiguration;
			buildSettings = {
				ALWAYS_SEARCH_USER_PATHS = NO;
				CLANG_CXX_LANGUAGE_STANDARD = "gnu++0x";
				CLANG_CXX_LIBRARY = "libc++";
				CLANG_ENABLE_MODULES = YES;
				CLANG_ENABLE_OBJC_ARC = YES;
				CLANG_WARN_BOOL_CONVERSION = YES;
				CLANG_WARN_CONSTANT_CONVERSION = YES;
				CLANG_WARN_DIRECT_OBJC_ISA_USAGE = YES_ERROR;
				CLANG_WARN_EMPTY_BODY = YES;
				CLANG_WARN_ENUM_CONVERSION = YES;
				CLANG_WARN_INT_CONVERSION = YES;
				CLANG_WARN_OBJC_ROOT_CLASS = YES_ERROR;
				CLANG_WARN_UNREACHABLE_CODE = YES;
				CLANG_WARN__DUPLICATE_METHOD_MATCH = YES;
				"CODE_SIGN_IDENTITY[sdk=iphoneos*]" = "iPhone Developer";
				COPY_PHASE_STRIP = NO;
				DEBUG_INFORMATION_FORMAT = "dwarf-with-dsym";
				ENABLE_NS_ASSERTIONS = NO;
				ENABLE_STRICT_OBJC_MSGSEND = YES;
				GCC_C_LANGUAGE_STANDARD = gnu99;
				GCC_NO_COMMON_BLOCKS = YES;
				GCC_WARN_64_TO_32_BIT_CONVERSION = YES;
				GCC_WARN_ABOUT_RETURN_TYPE = YES_ERROR;
				GCC_WARN_UNDECLARED_SELECTOR = YES;
				GCC_WARN_UNINITIALIZED_AUTOS = YES_AGGRESSIVE;
				GCC_WARN_UNUSED_FUNCTION = YES;
				GCC_WARN_UNUSED_VARIABLE = YES;
				IPHONEOS_DEPLOYMENT_TARGET = 9.1;
				MTL_ENABLE_DEBUG_INFO = NO;
				SDKROOT = iphoneos;
				TARGETED_DEVICE_FAMILY = "1,2";
				VALIDATE_PRODUCT = YES;
			};
			name = Release;
		};
		82F836BB1C1A1BC500793949 /* Debug */ = {
			isa = XCBuildConfiguration;
			buildSettings = {
				ASSETCATALOG_COMPILER_APPICON_NAME = AppIcon;
				INFOPLIST_FILE = Pizzeria/Info.plist;
				LD_RUNPATH_SEARCH_PATHS = "$(inherited) @executable_path/Frameworks";
				PRODUCT_BUNDLE_IDENTIFIER = es.jromeradev.Pizzeria;
				PRODUCT_NAME = "$(TARGET_NAME)";
			};
			name = Debug;
		};
		82F836BC1C1A1BC500793949 /* Release */ = {
			isa = XCBuildConfiguration;
			buildSettings = {
				ASSETCATALOG_COMPILER_APPICON_NAME = AppIcon;
				INFOPLIST_FILE = Pizzeria/Info.plist;
				LD_RUNPATH_SEARCH_PATHS = "$(inherited) @executable_path/Frameworks";
				PRODUCT_BUNDLE_IDENTIFIER = es.jromeradev.Pizzeria;
				PRODUCT_NAME = "$(TARGET_NAME)";
			};
			name = Release;
		};
/* End XCBuildConfiguration section */

/* Begin XCConfigurationList section */
		82F836A31C1A1BC500793949 /* Build configuration list for PBXProject "Pizzeria" */ = {
			isa = XCConfigurationList;
			buildConfigurations = (
				82F836B81C1A1BC500793949 /* Debug */,
				82F836B91C1A1BC500793949 /* Release */,
			);
			defaultConfigurationIsVisible = 0;
			defaultConfigurationName = Release;
		};
		82F836BA1C1A1BC500793949 /* Build configuration list for PBXNativeTarget "Pizzeria" */ = {
			isa = XCConfigurationList;
			buildConfigurations = (
				82F836BB1C1A1BC500793949 /* Debug */,
				82F836BC1C1A1BC500793949 /* Release */,
			);
			defaultConfigurationIsVisible = 0;
			defaultConfigurationName = Release;
		};
/* End XCConfigurationList section */
	};
	rootObject = 82F836A01C1A1BC500793949 /* Project object */;
}
